
Microsoft Visual Studio Solution File, Format Version 12.00
# Visual Studio 15
VisualStudioVersion = 15.0.28307.1000
MinimumVisualStudioVersion = 10.0.40219.1
Project("{FAE04EC0-301F-11D3-BF4B-00C04F79EFBC}") = "SimpleAPI", "SimpleAPI\SimpleAPI.csproj", "{B84DFC04-5DC1-4DC9-9E1B-0FD969943EBF}"
EndProject
Project("{FAE04EC0-301F-11D3-BF4B-00C04F79EFBC}") = "SimpleAPI.Test", "SimpleAPI.Test\SimpleAPI.Test.csproj", "{18B039CC-B664-4E8B-A6C3-58FDEC608444}"
EndProject
Global
	GlobalSection(SolutionConfigurationPlatforms) = preSolution
		Debug|Any CPU = Debug|Any CPU
		Release|Any CPU = Release|Any CPU
	EndGlobalSection
	GlobalSection(ProjectConfigurationPlatforms) = postSolution
		{B84DFC04-5DC1-4DC9-9E1B-0FD969943EBF}.Debug|Any CPU.ActiveCfg = Debug|Any CPU
		{B84DFC04-5DC1-4DC9-9E1B-0FD969943EBF}.Debug|Any CPU.Build.0 = Debug|Any CPU
		{B84DFC04-5DC1-4DC9-9E1B-0FD969943EBF}.Release|Any CPU.ActiveCfg = Release|Any CPU
		{B84DFC04-5DC1-4DC9-9E1B-0FD969943EBF}.Release|Any CPU.Build.0 = Release|Any CPU
		{18B039CC-B664-4E8B-A6C3-58FDEC608444}.Debug|Any CPU.ActiveCfg = Debug|Any CPU
		{18B039CC-B664-4E8B-A6C3-58FDEC608444}.Debug|Any CPU.Build.0 = Debug|Any CPU
		{18B039CC-B664-4E8B-A6C3-58FDEC608444}.Release|Any CPU.ActiveCfg = Release|Any CPU
		{18B039CC-B664-4E8B-A6C3-58FDEC608444}.Release|Any CPU.Build.0 = Release|Any CPU
	EndGlobalSection
	GlobalSection(SolutionProperties) = preSolution
		HideSolutionNode = FALSE
	EndGlobalSection
	GlobalSection(ExtensibilityGlobals) = postSolution
		SolutionGuid = {3563A3E0-5134-4A44-B869-984135DF25D5}
	EndGlobalSection
EndGlobal
